<?xml version="1.0" encoding="UTF-8"?>
<CONFIG>
  <ProjectOptions>
    <Version Value="11"/>
    <General>
      <Flags>
        <MainUnitIsPascalSource Value="False"/>
        <MainUnitHasUsesSectionForAllUnits Value="False"/>
        <MainUnitHasCreateFormStatements Value="False"/>
        <MainUnitHasTitleStatement Value="False"/>
        <Runnable Value="False"/>
      </Flags>
      <MainUnit Value="0"/>
      <UseAppBundle Value="False"/>
      <ResourceType Value="res"/>
    </General>
    <i18n>
      <EnableI18N LFM="False"/>
    </i18n>
    <BuildModes Count="1" Active="Default">
      <Item1 Name="Default" Default="True"/>
    </BuildModes>
    <PublishOptions>
      <Version Value="2"/>
    </PublishOptions>
    <RunParams>
      <FormatVersion Value="2"/>
      <Modes Count="1">
        <Mode0 Name="default">
          <local>
            <LaunchingApplication PathPlusParams="/usr/bin/xterm -T 'Lazarus Run Output' -e $(LazarusDir)/tools/runwait.sh $(TargetCmdLine)"/>
          </local>
        </Mode0>
      </Modes>
    </RunParams>
    <Units Count="18">
      <Unit0>
        <Filename Value="dskbolum.lpr"/>
        <IsPartOfProject Value="True"/>
        <CursorPos X="28" Y="12"/>
        <UsageCount Value="28"/>
        <Loaded Value="True"/>
      </Unit0>
      <Unit1>
        <Filename Value="../../lazarus/fpc/2.6.0/source/rtl/inc/fpintres.pp"/>
        <CursorPos X="5" Y="15"/>
        <UsageCount Value="10"/>
      </Unit1>
      <Unit2>
        <Filename Value="../rtl/linux/buttons.pp"/>
        <EditorIndex Value="-1"/>
        <CursorPos X="3" Y="19"/>
        <UsageCount Value="10"/>
      </Unit2>
      <Unit3>
        <Filename Value="../rtl/linux/canvas.pp"/>
        <TopLine Value="88"/>
        <CursorPos X="37" Y="100"/>
        <UsageCount Value="10"/>
      </Unit3>
      <Unit4>
        <Filename Value="../rtl/linux/forms.pp"/>
        <TopLine Value="13"/>
        <CursorPos X="14" Y="30"/>
        <UsageCount Value="10"/>
      </Unit4>
      <Unit5>
        <Filename Value="../rtl/linux/inc/writeh.inc"/>
        <UsageCount Value="10"/>
      </Unit5>
      <Unit6>
        <Filename Value="../rtl/linux/inc/write.inc"/>
        <UsageCount Value="10"/>
      </Unit6>
      <Unit7>
        <Filename Value="../rtl/linux/process.pp"/>
        <TopLine Value="10"/>
        <CursorPos X="14" Y="24"/>
        <UsageCount Value="10"/>
      </Unit7>
      <Unit8>
        <Filename Value="../../../rtl_prog/linux/system.pp"/>
        <EditorIndex Value="-1"/>
        <TopLine Value="20"/>
        <CursorPos X="5" Y="33"/>
        <UsageCount Value="11"/>
      </Unit8>
      <Unit9>
        <Filename Value="../../../rtl_prog/linux/elerah.inc"/>
        <EditorIndex Value="-1"/>
        <TopLine Value="149"/>
        <CursorPos X="15" Y="167"/>
        <UsageCount Value="11"/>
      </Unit9>
      <Unit10>
        <Filename Value="temizle.bat"/>
        <EditorIndex Value="-1"/>
        <UsageCount Value="20"/>
        <DefaultSyntaxHighlighter Value="Bat"/>
      </Unit10>
      <Unit11>
        <Filename Value="derle.bat"/>
        <IsPartOfProject Value="True"/>
        <EditorIndex Value="-1"/>
        <UsageCount Value="22"/>
        <DefaultSyntaxHighlighter Value="Bat"/>
      </Unit11>
      <Unit12>
        <Filename Value="dskbolum.ld"/>
        <IsPartOfProject Value="True"/>
        <EditorIndex Value="-1"/>
        <UsageCount Value="22"/>
        <DefaultSyntaxHighlighter Value="None"/>
      </Unit12>
      <Unit13>
        <Filename Value="../../rtl_uygulama/linux/n_depolama.pas"/>
        <EditorIndex Value="-1"/>
        <TopLine Value="99"/>
        <CursorPos X="16" Y="103"/>
        <UsageCount Value="10"/>
      </Unit13>
      <Unit14>
        <Filename Value="../../rtl_uygulama/linux/elera.inc"/>
        <EditorIndex Value="2"/>
        <TopLine Value="177"/>
        <CursorPos X="41" Y="190"/>
        <UsageCount Value="10"/>
        <Loaded Value="True"/>
      </Unit14>
      <Unit15>
        <Filename Value="anasayfafrm.pas"/>
        <IsPartOfProject Value="True"/>
        <IsVisibleTab Value="True"/>
        <EditorIndex Value="1"/>
        <TopLine Value="71"/>
        <CursorPos X="8" Y="80"/>
        <UsageCount Value="21"/>
        <Loaded Value="True"/>
      </Unit15>
      <Unit16>
        <Filename Value="../../rtl_uygulama/linux/paylasim.inc"/>
        <EditorIndex Value="3"/>
        <UsageCount Value="10"/>
        <Loaded Value="True"/>
      </Unit16>
      <Unit17>
        <Filename Value="../../rtl_uygulama/linux/system.pp"/>
        <EditorIndex Value="4"/>
        <UsageCount Value="10"/>
        <Loaded Value="True"/>
      </Unit17>
    </Units>
    <JumpHistory Count="30" HistoryIndex="29">
      <Position1>
        <Filename Value="dskbolum.lpr"/>
        <Caret Line="13" Column="18"/>
      </Position1>
      <Position2>
        <Filename Value="anasayfafrm.pas"/>
        <Caret Line="31" Column="4"/>
      </Position2>
      <Position3>
        <Filename Value="anasayfafrm.pas"/>
        <Caret Line="42" Column="18" TopLine="24"/>
      </Position3>
      <Position4>
        <Filename Value="anasayfafrm.pas"/>
        <Caret Line="50" Column="11" TopLine="26"/>
      </Position4>
      <Position5>
        <Filename Value="anasayfafrm.pas"/>
        <Caret Line="55" Column="11" TopLine="35"/>
      </Position5>
      <Position6>
        <Filename Value="anasayfafrm.pas"/>
        <Caret Line="53" Column="32" TopLine="35"/>
      </Position6>
      <Position7>
        <Filename Value="anasayfafrm.pas"/>
        <Caret Line="55" Column="11" TopLine="36"/>
      </Position7>
      <Position8>
        <Filename Value="anasayfafrm.pas"/>
        <Caret Line="57" Column="18" TopLine="40"/>
      </Position8>
      <Position9>
        <Filename Value="anasayfafrm.pas"/>
        <Caret Line="67" Column="4" TopLine="50"/>
      </Position9>
      <Position10>
        <Filename Value="anasayfafrm.pas"/>
        <Caret Line="73" Column="7" TopLine="55"/>
      </Position10>
      <Position11>
        <Filename Value="anasayfafrm.pas"/>
        <Caret Line="79" Column="34" TopLine="61"/>
      </Position11>
      <Position12>
        <Filename Value="anasayfafrm.pas"/>
        <Caret Line="82" Column="25" TopLine="64"/>
      </Position12>
      <Position13>
        <Filename Value="anasayfafrm.pas"/>
        <Caret Line="87" Column="6" TopLine="69"/>
      </Position13>
      <Position14>
        <Filename Value="anasayfafrm.pas"/>
        <Caret Line="90" Column="12" TopLine="73"/>
      </Position14>
      <Position15>
        <Filename Value="anasayfafrm.pas"/>
        <Caret Line="97" Column="8" TopLine="79"/>
      </Position15>
      <Position16>
        <Filename Value="anasayfafrm.pas"/>
        <Caret Line="106" Column="10" TopLine="88"/>
      </Position16>
      <Position17>
        <Filename Value="anasayfafrm.pas"/>
        <Caret Line="111" Column="61" TopLine="92"/>
      </Position17>
      <Position18>
        <Filename Value="anasayfafrm.pas"/>
        <Caret Line="15" Column="15"/>
      </Position18>
      <Position19>
        <Filename Value="anasayfafrm.pas"/>
        <Caret Line="130" Column="4" TopLine="110"/>
      </Position19>
      <Position20>
        <Filename Value="anasayfafrm.pas"/>
        <Caret Line="134" Column="4" TopLine="115"/>
      </Position20>
      <Position21>
        <Filename Value="anasayfafrm.pas"/>
        <Caret Line="138" Column="6" TopLine="118"/>
      </Position21>
      <Position22>
        <Filename Value="anasayfafrm.pas"/>
        <Caret Line="139" Column="9" TopLine="122"/>
      </Position22>
      <Position23>
        <Filename Value="anasayfafrm.pas"/>
        <Caret Line="152" Column="9" TopLine="125"/>
      </Position23>
      <Position24>
        <Filename Value="anasayfafrm.pas"/>
        <Caret Line="156" Column="42" TopLine="129"/>
      </Position24>
      <Position25>
        <Filename Value="../../rtl_uygulama/linux/paylasim.inc"/>
        <Caret Line="34" Column="73" TopLine="16"/>
      </Position25>
      <Position26>
        <Filename Value="anasayfafrm.pas"/>
        <Caret Line="18" Column="50"/>
      </Position26>
      <Position27>
        <Filename Value="../../rtl_uygulama/linux/elera.inc"/>
        <Caret Line="197" TopLine="177"/>
      </Position27>
      <Position28>
        <Filename Value="../../rtl_uygulama/linux/elera.inc"/>
        <Caret Line="190" Column="41" TopLine="177"/>
      </Position28>
      <Position29>
        <Filename Value="anasayfafrm.pas"/>
        <Caret Line="145" Column="49" TopLine="126"/>
      </Position29>
      <Position30>
        <Filename Value="anasayfafrm.pas"/>
        <Caret Line="19"/>
      </Position30>
    </JumpHistory>
  </ProjectOptions>
  <CompilerOptions>
    <Version Value="11"/>
    <Target>
      <Filename Value="../_/dskbolum.c"/>
    </Target>
    <SearchPaths>
      <IncludeFiles Value="$(ProjOutDir)"/>
      <OtherUnitFiles Value="../../rtl_uygulama/linux/units/i386-linux"/>
      <UnitOutputDirectory Value="../_/_"/>
      <SrcPath Value="../../rtl_uygulama/linux"/>
    </SearchPaths>
    <CodeGeneration>
      <SmartLinkUnit Value="True"/>
      <TargetCPU Value="i386"/>
      <TargetOS Value="linux"/>
      <Optimizations>
        <OptimizationLevel Value="0"/>
      </Optimizations>
      <SmallerCode Value="True"/>
    </CodeGeneration>
    <Linking>
      <Debugging>
        <GenerateDebugInfo Value="False"/>
        <UseLineInfoUnit Value="False"/>
        <StripSymbols Value="True"/>
      </Debugging>
      <LinkSmart Value="True"/>
      <Options>
        <PassLinkerOptions Value="True"/>
        <LinkerOptions Value="-Tdskbolum.ld"/>
      </Options>
    </Linking>
  </CompilerOptions>
  <Debugging>
    <Exceptions Count="3">
      <Item1>
        <Name Value="EAbort"/>
      </Item1>
      <Item2>
        <Name Value="ECodetoolError"/>
      </Item2>
      <Item3>
        <Name Value="EFOpenError"/>
      </Item3>
    </Exceptions>
  </Debugging>
</CONFIG>
