<?xml version="1.0" encoding="UTF-8"?>
<CONFIG>
  <ProjectOptions>
    <Version Value="11"/>
    <General>
      <Flags>
        <MainUnitIsPascalSource Value="False"/>
        <MainUnitHasUsesSectionForAllUnits Value="False"/>
        <MainUnitHasCreateFormStatements Value="False"/>
        <MainUnitHasTitleStatement Value="False"/>
        <Runnable Value="False"/>
      </Flags>
      <MainUnit Value="0"/>
      <UseAppBundle Value="False"/>
      <ResourceType Value="res"/>
    </General>
    <i18n>
      <EnableI18N LFM="False"/>
    </i18n>
    <BuildModes Count="1" Active="Default">
      <Item1 Name="Default" Default="True"/>
    </BuildModes>
    <PublishOptions>
      <Version Value="2"/>
    </PublishOptions>
    <RunParams>
      <FormatVersion Value="2"/>
      <Modes Count="1">
        <Mode0 Name="default">
          <local>
            <LaunchingApplication PathPlusParams="/usr/bin/xterm -T 'Lazarus Run Output' -e $(LazarusDir)/tools/runwait.sh $(TargetCmdLine)"/>
          </local>
        </Mode0>
      </Modes>
    </RunParams>
    <Units Count="38">
      <Unit0>
        <Filename Value="defter.lpr"/>
        <IsPartOfProject Value="True"/>
        <CursorPos X="39" Y="22"/>
        <UsageCount Value="328"/>
        <Loaded Value="True"/>
      </Unit0>
      <Unit1>
        <Filename Value="../rtl/linux/inc/fileh.inc"/>
        <UsageCount Value="10"/>
      </Unit1>
      <Unit2>
        <Filename Value="../rtl/linux/inc/file.inc"/>
        <UsageCount Value="10"/>
      </Unit2>
      <Unit3>
        <Filename Value="../rtl/linux/inc/consts.inc"/>
        <UsageCount Value="10"/>
      </Unit3>
      <Unit4>
        <Filename Value="../rtl/linux/inc/eobjh.inc"/>
        <TopLine Value="2"/>
        <CursorPos X="43" Y="21"/>
        <UsageCount Value="129"/>
      </Unit4>
      <Unit5>
        <Filename Value="../rtl/linux/inc/eobj.inc"/>
        <CursorPos X="26" Y="17"/>
        <UsageCount Value="129"/>
      </Unit5>
      <Unit6>
        <Filename Value="../../../../../lazarus/fpc/2.6.2/source/rtl/inc/objects.pp"/>
        <UnitName Value="Objects"/>
        <UsageCount Value="10"/>
      </Unit6>
      <Unit7>
        <Filename Value="../../../rtl_prog/linux/canvas.pp"/>
        <EditorIndex Value="-1"/>
        <UsageCount Value="10"/>
      </Unit7>
      <Unit8>
        <Filename Value="../../../rtl_prog/linux/system.pp"/>
        <EditorIndex Value="-1"/>
        <TopLine Value="19"/>
        <CursorPos X="5" Y="33"/>
        <UsageCount Value="14"/>
      </Unit8>
      <Unit9>
        <Filename Value="../../../rtl_prog/inc/systemh.inc"/>
        <EditorIndex Value="-1"/>
        <TopLine Value="1366"/>
        <CursorPos Y="1394"/>
        <UsageCount Value="12"/>
      </Unit9>
      <Unit10>
        <Filename Value="../../../rtl_prog/linux/gn_defter.pas"/>
        <EditorIndex Value="-1"/>
        <TopLine Value="17"/>
        <CursorPos X="53" Y="34"/>
        <UsageCount Value="11"/>
      </Unit10>
      <Unit11>
        <Filename Value="../../../rtl_prog/linux/inc/consts.inc"/>
        <EditorIndex Value="-1"/>
        <TopLine Value="95"/>
        <CursorPos X="18" Y="120"/>
        <UsageCount Value="11"/>
      </Unit11>
      <Unit12>
        <Filename Value="../../../rtl_prog/linux/elerah.inc"/>
        <EditorIndex Value="-1"/>
        <UsageCount Value="11"/>
      </Unit12>
      <Unit13>
        <Filename Value="../../../rtl_prog/linux/inc/gn_defterb.inc"/>
        <EditorIndex Value="-1"/>
        <CursorPos X="24"/>
        <UsageCount Value="11"/>
      </Unit13>
      <Unit14>
        <Filename Value="../../../rtl_prog/linux/inc/gn_defter.inc"/>
        <EditorIndex Value="-1"/>
        <CursorPos X="24" Y="11"/>
        <UsageCount Value="11"/>
      </Unit14>
      <Unit15>
        <Filename Value="../../../rtl_prog/linux/linux.pp"/>
        <UnitName Value="Linux"/>
        <EditorIndex Value="-1"/>
        <TopLine Value="7"/>
        <CursorPos X="12" Y="30"/>
        <UsageCount Value="10"/>
      </Unit15>
      <Unit16>
        <Filename Value="../../../rtl_prog/linux/gn_etiket.pas"/>
        <EditorIndex Value="-1"/>
        <CursorPos X="18" Y="50"/>
        <UsageCount Value="10"/>
      </Unit16>
      <Unit17>
        <Filename Value="../../../rtl_prog/linux/inc/gn_etiket.inc"/>
        <EditorIndex Value="-1"/>
        <CursorPos X="28" Y="36"/>
        <UsageCount Value="10"/>
      </Unit17>
      <Unit18>
        <Filename Value="../../../rtl_prog/linux/inc/gn_etiketb.inc"/>
        <EditorIndex Value="-1"/>
        <CursorPos X="71" Y="4"/>
        <UsageCount Value="10"/>
      </Unit18>
      <Unit19>
        <Filename Value="temizle.bat"/>
        <EditorIndex Value="-1"/>
        <WindowIndex Value="-1"/>
        <TopLine Value="-1"/>
        <CursorPos X="-1" Y="-1"/>
        <UsageCount Value="21"/>
        <DefaultSyntaxHighlighter Value="Bat"/>
      </Unit19>
      <Unit20>
        <Filename Value="defter.ld"/>
        <IsPartOfProject Value="True"/>
        <EditorIndex Value="-1"/>
        <WindowIndex Value="-1"/>
        <TopLine Value="-1"/>
        <CursorPos X="-1" Y="-1"/>
        <UsageCount Value="21"/>
        <DefaultSyntaxHighlighter Value="None"/>
      </Unit20>
      <Unit21>
        <Filename Value="derle.bat"/>
        <IsPartOfProject Value="True"/>
        <EditorIndex Value="-1"/>
        <WindowIndex Value="-1"/>
        <TopLine Value="-1"/>
        <CursorPos X="-1" Y="-1"/>
        <UsageCount Value="21"/>
        <DefaultSyntaxHighlighter Value="Bat"/>
      </Unit21>
      <Unit22>
        <Filename Value="../../../rtl_uygulama/linux/inc/dosyab.inc"/>
        <EditorIndex Value="-1"/>
        <UsageCount Value="10"/>
      </Unit22>
      <Unit23>
        <Filename Value="../../../rtl_uygulama/linux/inc/dosya.inc"/>
        <EditorIndex Value="-1"/>
        <UsageCount Value="10"/>
      </Unit23>
      <Unit24>
        <Filename Value="../../../rtl_uygulama/linux/gn_defter.pas"/>
        <EditorIndex Value="-1"/>
        <TopLine Value="29"/>
        <UsageCount Value="10"/>
      </Unit24>
      <Unit25>
        <Filename Value="../../../rtl_uygulama/linux/inc/gn_defter.inc"/>
        <EditorIndex Value="-1"/>
        <UsageCount Value="10"/>
      </Unit25>
      <Unit26>
        <Filename Value="../../../rtl_uygulama/linux/inc/gn_defterb.inc"/>
        <EditorIndex Value="-1"/>
        <UsageCount Value="10"/>
      </Unit26>
      <Unit27>
        <Filename Value="../../../rtl_uygulama/linux/inc/consts.inc"/>
        <EditorIndex Value="-1"/>
        <TopLine Value="85"/>
        <CursorPos X="16" Y="97"/>
        <UsageCount Value="10"/>
      </Unit27>
      <Unit28>
        <Filename Value="../../../rtl_uygulama/linux/system.pp"/>
        <EditorIndex Value="-1"/>
        <TopLine Value="19"/>
        <CursorPos X="2" Y="33"/>
        <UsageCount Value="10"/>
      </Unit28>
      <Unit29>
        <Filename Value="../../../rtl_uygulama/linux/gn_giriskutusu.pas"/>
        <EditorIndex Value="-1"/>
        <UsageCount Value="10"/>
      </Unit29>
      <Unit30>
        <Filename Value="../../rtl_uygulama/linux/gn_defter.pas"/>
        <EditorIndex Value="-1"/>
        <UsageCount Value="10"/>
      </Unit30>
      <Unit31>
        <Filename Value="../../rtl_uygulama/linux/system.pp"/>
        <EditorIndex Value="-1"/>
        <TopLine Value="15"/>
        <CursorPos X="5" Y="33"/>
        <UsageCount Value="10"/>
      </Unit31>
      <Unit32>
        <Filename Value="../../rtl_uygulama/linux/gn_onaykutusu.pas"/>
        <EditorIndex Value="-1"/>
        <CursorPos X="3" Y="20"/>
        <UsageCount Value="10"/>
      </Unit32>
      <Unit33>
        <Filename Value="../../rtl_uygulama/linux/n_tuval.pas"/>
        <EditorIndex Value="-1"/>
        <CursorPos X="22" Y="290"/>
        <UsageCount Value="10"/>
      </Unit33>
      <Unit34>
        <Filename Value="../../rtl_uygulama/linux/paylasim.inc"/>
        <IsVisibleTab Value="True"/>
        <EditorIndex Value="3"/>
        <TopLine Value="71"/>
        <CursorPos X="18" Y="81"/>
        <UsageCount Value="10"/>
        <Loaded Value="True"/>
      </Unit34>
      <Unit35>
        <Filename Value="../../rtl_uygulama/linux/elera.inc"/>
        <EditorIndex Value="-1"/>
        <TopLine Value="105"/>
        <CursorPos X="17" Y="135"/>
        <UsageCount Value="10"/>
      </Unit35>
      <Unit36>
        <Filename Value="anasayfafrm.pas"/>
        <IsPartOfProject Value="True"/>
        <EditorIndex Value="1"/>
        <TopLine Value="45"/>
        <CursorPos X="14" Y="53"/>
        <UsageCount Value="20"/>
        <Loaded Value="True"/>
      </Unit36>
      <Unit37>
        <Filename Value="../../rtl_uygulama/linux/gn_panel.pas"/>
        <EditorIndex Value="2"/>
        <TopLine Value="73"/>
        <CursorPos X="11" Y="92"/>
        <UsageCount Value="10"/>
        <Loaded Value="True"/>
      </Unit37>
    </Units>
    <JumpHistory Count="30" HistoryIndex="29">
      <Position1>
        <Filename Value="anasayfafrm.pas"/>
        <Caret Line="145" Column="32" TopLine="141"/>
      </Position1>
      <Position2>
        <Filename Value="anasayfafrm.pas"/>
        <Caret Line="23" Column="15" TopLine="4"/>
      </Position2>
      <Position3>
        <Filename Value="anasayfafrm.pas"/>
        <Caret Line="198" Column="3" TopLine="163"/>
      </Position3>
      <Position4>
        <Filename Value="anasayfafrm.pas"/>
        <Caret Line="101" Column="7" TopLine="83"/>
      </Position4>
      <Position5>
        <Filename Value="anasayfafrm.pas"/>
        <Caret Line="104" Column="24" TopLine="86"/>
      </Position5>
      <Position6>
        <Filename Value="anasayfafrm.pas"/>
        <Caret Line="107" Column="20" TopLine="89"/>
      </Position6>
      <Position7>
        <Filename Value="anasayfafrm.pas"/>
        <Caret Line="109" Column="8" TopLine="91"/>
      </Position7>
      <Position8>
        <Filename Value="anasayfafrm.pas"/>
        <Caret Line="114" Column="12" TopLine="96"/>
      </Position8>
      <Position9>
        <Filename Value="anasayfafrm.pas"/>
        <Caret Line="117" Column="9" TopLine="100"/>
      </Position9>
      <Position10>
        <Filename Value="anasayfafrm.pas"/>
        <Caret Line="120" Column="20" TopLine="103"/>
      </Position10>
      <Position11>
        <Filename Value="anasayfafrm.pas"/>
        <Caret Line="122" Column="8" TopLine="105"/>
      </Position11>
      <Position12>
        <Filename Value="anasayfafrm.pas"/>
        <Caret Line="127" Column="12" TopLine="110"/>
      </Position12>
      <Position13>
        <Filename Value="anasayfafrm.pas"/>
        <Caret Line="130" Column="24" TopLine="113"/>
      </Position13>
      <Position14>
        <Filename Value="anasayfafrm.pas"/>
        <Caret Line="133" Column="11" TopLine="116"/>
      </Position14>
      <Position15>
        <Filename Value="anasayfafrm.pas"/>
        <Caret Line="135" Column="13" TopLine="117"/>
      </Position15>
      <Position16>
        <Filename Value="anasayfafrm.pas"/>
        <Caret Line="162" Column="4" TopLine="142"/>
      </Position16>
      <Position17>
        <Filename Value="anasayfafrm.pas"/>
        <Caret Line="164" Column="20" TopLine="146"/>
      </Position17>
      <Position18>
        <Filename Value="anasayfafrm.pas"/>
        <Caret Line="173" Column="6" TopLine="156"/>
      </Position18>
      <Position19>
        <Filename Value="anasayfafrm.pas"/>
        <Caret Line="176" Column="4" TopLine="159"/>
      </Position19>
      <Position20>
        <Filename Value="anasayfafrm.pas"/>
        <Caret Line="181" Column="6" TopLine="164"/>
      </Position20>
      <Position21>
        <Filename Value="anasayfafrm.pas"/>
        <Caret Line="185" Column="6" TopLine="164"/>
      </Position21>
      <Position22>
        <Filename Value="anasayfafrm.pas"/>
        <Caret Line="182" Column="34" TopLine="164"/>
      </Position22>
      <Position23>
        <Filename Value="anasayfafrm.pas"/>
        <Caret Line="33" Column="35" TopLine="7"/>
      </Position23>
      <Position24>
        <Filename Value="defter.lpr"/>
        <Caret Line="22" Column="39"/>
      </Position24>
      <Position25>
        <Filename Value="anasayfafrm.pas"/>
        <Caret Line="53" Column="14" TopLine="45"/>
      </Position25>
      <Position26>
        <Filename Value="../../rtl_uygulama/linux/gn_panel.pas"/>
        <Caret Line="27" Column="15"/>
      </Position26>
      <Position27>
        <Filename Value="../../rtl_uygulama/linux/gn_panel.pas"/>
        <Caret Line="56" Column="3" TopLine="54"/>
      </Position27>
      <Position28>
        <Filename Value="../../rtl_uygulama/linux/gn_panel.pas"/>
        <Caret Line="35" Column="11" TopLine="16"/>
      </Position28>
      <Position29>
        <Filename Value="../../rtl_uygulama/linux/gn_panel.pas"/>
        <Caret Line="92" Column="11" TopLine="73"/>
      </Position29>
      <Position30>
        <Filename Value="../../rtl_uygulama/linux/paylasim.inc"/>
        <Caret Line="213" Column="3" TopLine="194"/>
      </Position30>
    </JumpHistory>
  </ProjectOptions>
  <CompilerOptions>
    <Version Value="11"/>
    <Target>
      <Filename Value="../_/defter.c"/>
    </Target>
    <SearchPaths>
      <IncludeFiles Value="$(ProjOutDir)"/>
      <OtherUnitFiles Value="../../rtl_uygulama/linux/units/i386-linux"/>
      <UnitOutputDirectory Value="../_/_"/>
      <SrcPath Value="../../rtl_uygulama/linux"/>
    </SearchPaths>
    <CodeGeneration>
      <SmartLinkUnit Value="True"/>
      <TargetCPU Value="i386"/>
      <TargetOS Value="linux"/>
      <Optimizations>
        <OptimizationLevel Value="0"/>
      </Optimizations>
      <SmallerCode Value="True"/>
    </CodeGeneration>
    <Linking>
      <Debugging>
        <GenerateDebugInfo Value="False"/>
        <UseLineInfoUnit Value="False"/>
        <StripSymbols Value="True"/>
      </Debugging>
      <LinkSmart Value="True"/>
      <Options>
        <PassLinkerOptions Value="True"/>
        <LinkerOptions Value="-Tdefter.ld"/>
      </Options>
    </Linking>
  </CompilerOptions>
  <Debugging>
    <Exceptions Count="3">
      <Item1>
        <Name Value="EAbort"/>
      </Item1>
      <Item2>
        <Name Value="ECodetoolError"/>
      </Item2>
      <Item3>
        <Name Value="EFOpenError"/>
      </Item3>
    </Exceptions>
  </Debugging>
</CONFIG>
