<?xml version="1.0" encoding="UTF-8"?>
<CONFIG>
  <ProjectOptions>
    <Version Value="11"/>
    <General>
      <Flags>
        <MainUnitIsPascalSource Value="False"/>
        <MainUnitHasUsesSectionForAllUnits Value="False"/>
        <MainUnitHasCreateFormStatements Value="False"/>
        <MainUnitHasTitleStatement Value="False"/>
        <Runnable Value="False"/>
      </Flags>
      <MainUnit Value="0"/>
      <UseAppBundle Value="False"/>
      <ResourceType Value="res"/>
    </General>
    <i18n>
      <EnableI18N LFM="False"/>
    </i18n>
    <BuildModes Count="1" Active="Default">
      <Item1 Name="Default" Default="True"/>
    </BuildModes>
    <PublishOptions>
      <Version Value="2"/>
    </PublishOptions>
    <RunParams>
      <FormatVersion Value="2"/>
      <Modes Count="1">
        <Mode0 Name="default">
          <local>
            <LaunchingApplication PathPlusParams="/usr/bin/xterm -T 'Lazarus Run Output' -e $(LazarusDir)/tools/runwait.sh $(TargetCmdLine)"/>
          </local>
        </Mode0>
      </Modes>
    </RunParams>
    <Units Count="32">
      <Unit0>
        <Filename Value="arpbilgi.lpr"/>
        <IsPartOfProject Value="True"/>
        <IsVisibleTab Value="True"/>
        <UsageCount Value="27"/>
        <Loaded Value="True"/>
      </Unit0>
      <Unit1>
        <Filename Value="../rtl/linux/inc/consts.inc"/>
        <UsageCount Value="10"/>
      </Unit1>
      <Unit2>
        <Filename Value="../rtl/linux/forms.pp"/>
        <UsageCount Value="11"/>
      </Unit2>
      <Unit3>
        <Filename Value="../rtl/linux/canvas.pp"/>
        <EditorIndex Value="-1"/>
        <TopLine Value="21"/>
        <CursorPos X="18" Y="39"/>
        <UsageCount Value="11"/>
      </Unit3>
      <Unit4>
        <Filename Value="../rtl/linux/inc/writeh.inc"/>
        <UsageCount Value="11"/>
      </Unit4>
      <Unit5>
        <Filename Value="../rtl/linux/elerah.inc"/>
        <UsageCount Value="11"/>
      </Unit5>
      <Unit6>
        <Filename Value="../rtl/linux/inc/write.inc"/>
        <UsageCount Value="11"/>
      </Unit6>
      <Unit7>
        <Filename Value="../rtl/linux/inc/drawh.inc"/>
        <CursorPos X="12"/>
        <UsageCount Value="10"/>
      </Unit7>
      <Unit8>
        <Filename Value="../rtl/linux/inc/draw.inc"/>
        <UsageCount Value="10"/>
      </Unit8>
      <Unit9>
        <Filename Value="../../../rtl_prog/linux/system.pp"/>
        <EditorIndex Value="-1"/>
        <TopLine Value="284"/>
        <CursorPos X="23" Y="307"/>
        <UsageCount Value="11"/>
      </Unit9>
      <Unit10>
        <Filename Value="../../../rtl_prog/linux/zamanlayici.pas"/>
        <EditorIndex Value="-1"/>
        <TopLine Value="16"/>
        <CursorPos X="20" Y="31"/>
        <UsageCount Value="10"/>
      </Unit10>
      <Unit11>
        <Filename Value="../../../rtl_prog/linux/inc/zamanlayicib.inc"/>
        <EditorIndex Value="-1"/>
        <CursorPos X="45" Y="3"/>
        <UsageCount Value="10"/>
      </Unit11>
      <Unit12>
        <Filename Value="../../../rtl_prog/linux/inc/zamanlayici.inc"/>
        <EditorIndex Value="-1"/>
        <CursorPos X="17" Y="11"/>
        <UsageCount Value="10"/>
      </Unit12>
      <Unit13>
        <Filename Value="../../../rtl_prog/linux/elerah.inc"/>
        <EditorIndex Value="-1"/>
        <UsageCount Value="11"/>
      </Unit13>
      <Unit14>
        <Filename Value="../../../rtl_prog/linux/linux.pp"/>
        <UnitName Value="Linux"/>
        <EditorIndex Value="-1"/>
        <UsageCount Value="11"/>
      </Unit14>
      <Unit15>
        <Filename Value="../../../rtl_prog/linux/inc/consts.inc"/>
        <EditorIndex Value="-1"/>
        <UsageCount Value="11"/>
      </Unit15>
      <Unit16>
        <Filename Value="../../../rtl_prog/linux/inc/gn_pencere.inc"/>
        <EditorIndex Value="-1"/>
        <UsageCount Value="10"/>
      </Unit16>
      <Unit17>
        <Filename Value="../../../rtl_prog/linux/ag.pas"/>
        <EditorIndex Value="-1"/>
        <CursorPos Y="5"/>
        <UsageCount Value="10"/>
      </Unit17>
      <Unit18>
        <Filename Value="../../../rtl_prog/linux/arpb.inc"/>
        <EditorIndex Value="-1"/>
        <CursorPos X="27" Y="2"/>
        <UsageCount Value="10"/>
      </Unit18>
      <Unit19>
        <Filename Value="../../../rtl_prog/linux/arp.inc"/>
        <EditorIndex Value="-1"/>
        <UsageCount Value="10"/>
      </Unit19>
      <Unit20>
        <Filename Value="../../../rtl_prog/linux/vo_statusbar.pp"/>
        <EditorIndex Value="-1"/>
        <UsageCount Value="10"/>
      </Unit20>
      <Unit21>
        <Filename Value="../../../rtl_prog/linux/tuval.pas"/>
        <EditorIndex Value="-1"/>
        <UsageCount Value="10"/>
      </Unit21>
      <Unit22>
        <Filename Value="../../../rtl_prog/linux/gorev.pas"/>
        <EditorIndex Value="-1"/>
        <UsageCount Value="10"/>
      </Unit22>
      <Unit23>
        <Filename Value="../../../rtl_prog/linux/inc/gorevb.inc"/>
        <EditorIndex Value="-1"/>
        <CursorPos X="11" Y="5"/>
        <UsageCount Value="10"/>
      </Unit23>
      <Unit24>
        <Filename Value="../../../rtl_prog/linux/inc/gorev.inc"/>
        <EditorIndex Value="-1"/>
        <UsageCount Value="10"/>
      </Unit24>
      <Unit25>
        <Filename Value="../../../rtl_prog/linux/inc/olay.inc"/>
        <EditorIndex Value="-1"/>
        <UsageCount Value="10"/>
      </Unit25>
      <Unit26>
        <Filename Value="../../../rtl_prog/linux/inc/olayb.inc"/>
        <EditorIndex Value="-1"/>
        <UsageCount Value="10"/>
      </Unit26>
      <Unit27>
        <Filename Value="../../../rtl_prog/linux/inc/sistemb.inc"/>
        <EditorIndex Value="-1"/>
        <UsageCount Value="10"/>
      </Unit27>
      <Unit28>
        <Filename Value="../../../rtl_prog/linux/inc/sistem.inc"/>
        <EditorIndex Value="-1"/>
        <UsageCount Value="10"/>
      </Unit28>
      <Unit29>
        <Filename Value="arpbilgi.ld"/>
        <IsPartOfProject Value="True"/>
        <EditorIndex Value="-1"/>
        <WindowIndex Value="-1"/>
        <TopLine Value="-1"/>
        <CursorPos X="-1" Y="-1"/>
        <UsageCount Value="20"/>
        <DefaultSyntaxHighlighter Value="None"/>
      </Unit29>
      <Unit30>
        <Filename Value="derle.bat"/>
        <IsPartOfProject Value="True"/>
        <EditorIndex Value="-1"/>
        <UsageCount Value="20"/>
        <DefaultSyntaxHighlighter Value="Bat"/>
      </Unit30>
      <Unit31>
        <Filename Value="temizle.bat"/>
        <EditorIndex Value="-1"/>
        <UsageCount Value="20"/>
        <DefaultSyntaxHighlighter Value="Bat"/>
      </Unit31>
    </Units>
    <JumpHistory Count="27" HistoryIndex="26">
      <Position1>
        <Filename Value="arpbilgi.lpr"/>
        <Caret Line="15" Column="11"/>
      </Position1>
      <Position2>
        <Filename Value="arpbilgi.lpr"/>
        <Caret Line="24" Column="3" TopLine="10"/>
      </Position2>
      <Position3>
        <Filename Value="arpbilgi.lpr"/>
        <Caret Line="34" Column="38" TopLine="11"/>
      </Position3>
      <Position4>
        <Filename Value="arpbilgi.lpr"/>
        <Caret Line="45" Column="11" TopLine="22"/>
      </Position4>
      <Position5>
        <Filename Value="arpbilgi.lpr"/>
        <Caret Line="36" Column="37" TopLine="20"/>
      </Position5>
      <Position6>
        <Filename Value="arpbilgi.lpr"/>
        <Caret Line="19" Column="17" TopLine="5"/>
      </Position6>
      <Position7>
        <Filename Value="arpbilgi.lpr"/>
        <Caret Line="20" Column="10" TopLine="5"/>
      </Position7>
      <Position8>
        <Filename Value="arpbilgi.lpr"/>
        <Caret Line="21" Column="10" TopLine="5"/>
      </Position8>
      <Position9>
        <Filename Value="arpbilgi.lpr"/>
        <Caret Line="28" Column="11" TopLine="14"/>
      </Position9>
      <Position10>
        <Filename Value="arpbilgi.lpr"/>
        <Caret Line="29" Column="23" TopLine="13"/>
      </Position10>
      <Position11>
        <Filename Value="arpbilgi.lpr"/>
        <Caret Line="43" Column="39" TopLine="20"/>
      </Position11>
      <Position12>
        <Filename Value="arpbilgi.lpr"/>
      </Position12>
      <Position13>
        <Filename Value="arpbilgi.lpr"/>
        <Caret Line="15" Column="8"/>
      </Position13>
      <Position14>
        <Filename Value="arpbilgi.lpr"/>
        <Caret Line="24" Column="8"/>
      </Position14>
      <Position15>
        <Filename Value="arpbilgi.lpr"/>
        <Caret Line="25" Column="10"/>
      </Position15>
      <Position16>
        <Filename Value="arpbilgi.lpr"/>
        <Caret Line="26" Column="14"/>
      </Position16>
      <Position17>
        <Filename Value="arpbilgi.lpr"/>
        <Caret Line="20" Column="49"/>
      </Position17>
      <Position18>
        <Filename Value="arpbilgi.lpr"/>
        <Caret Line="12" Column="31"/>
      </Position18>
      <Position19>
        <Filename Value="arpbilgi.lpr"/>
        <Caret Line="15" Column="49"/>
      </Position19>
      <Position20>
        <Filename Value="arpbilgi.lpr"/>
        <Caret Line="50" Column="25" TopLine="32"/>
      </Position20>
      <Position21>
        <Filename Value="arpbilgi.lpr"/>
        <Caret Line="24" Column="8"/>
      </Position21>
      <Position22>
        <Filename Value="arpbilgi.lpr"/>
        <Caret Line="51" Column="25" TopLine="33"/>
      </Position22>
      <Position23>
        <Filename Value="arpbilgi.lpr"/>
        <Caret Line="70" Column="22" TopLine="46"/>
      </Position23>
      <Position24>
        <Filename Value="arpbilgi.lpr"/>
        <Caret Line="28" Column="7" TopLine="10"/>
      </Position24>
      <Position25>
        <Filename Value="arpbilgi.lpr"/>
        <Caret Line="35" Column="27" TopLine="4"/>
      </Position25>
      <Position26>
        <Filename Value="arpbilgi.lpr"/>
        <Caret Line="9" Column="33"/>
      </Position26>
      <Position27>
        <Filename Value="arpbilgi.lpr"/>
        <Caret Line="40" Column="27" TopLine="22"/>
      </Position27>
    </JumpHistory>
  </ProjectOptions>
  <CompilerOptions>
    <Version Value="11"/>
    <Target>
      <Filename Value="../_/arpbilgi.c"/>
    </Target>
    <SearchPaths>
      <IncludeFiles Value="$(ProjOutDir)"/>
      <OtherUnitFiles Value="../../rtl_uygulama/linux/units/i386-linux"/>
      <UnitOutputDirectory Value="../_/_"/>
      <SrcPath Value="../../rtl_uygulama/linux"/>
    </SearchPaths>
    <CodeGeneration>
      <SmartLinkUnit Value="True"/>
      <TargetCPU Value="i386"/>
      <TargetOS Value="linux"/>
      <Optimizations>
        <OptimizationLevel Value="0"/>
      </Optimizations>
      <SmallerCode Value="True"/>
    </CodeGeneration>
    <Linking>
      <Debugging>
        <GenerateDebugInfo Value="False"/>
        <UseLineInfoUnit Value="False"/>
        <StripSymbols Value="True"/>
      </Debugging>
      <LinkSmart Value="True"/>
      <Options>
        <PassLinkerOptions Value="True"/>
        <LinkerOptions Value="-Tarpbilgi.ld"/>
      </Options>
    </Linking>
  </CompilerOptions>
  <Debugging>
    <Exceptions Count="3">
      <Item1>
        <Name Value="EAbort"/>
      </Item1>
      <Item2>
        <Name Value="ECodetoolError"/>
      </Item2>
      <Item3>
        <Name Value="EFOpenError"/>
      </Item3>
    </Exceptions>
  </Debugging>
</CONFIG>
