<?xml version="1.0" encoding="UTF-8"?>
<CONFIG>
  <ProjectOptions>
    <Version Value="11"/>
    <General>
      <Flags>
        <MainUnitIsPascalSource Value="False"/>
        <MainUnitHasUsesSectionForAllUnits Value="False"/>
        <MainUnitHasCreateFormStatements Value="False"/>
        <MainUnitHasTitleStatement Value="False"/>
        <Runnable Value="False"/>
      </Flags>
      <MainUnit Value="0"/>
      <UseAppBundle Value="False"/>
      <ResourceType Value="res"/>
    </General>
    <i18n>
      <EnableI18N LFM="False"/>
    </i18n>
    <BuildModes Count="1" Active="Default">
      <Item1 Name="Default" Default="True"/>
    </BuildModes>
    <PublishOptions>
      <Version Value="2"/>
    </PublishOptions>
    <RunParams>
      <FormatVersion Value="2"/>
      <Modes Count="1">
        <Mode0 Name="default">
          <local>
            <LaunchingApplication PathPlusParams="/usr/bin/xterm -T 'Lazarus Run Output' -e $(LazarusDir)/tools/runwait.sh $(TargetCmdLine)"/>
          </local>
        </Mode0>
      </Modes>
    </RunParams>
    <Units Count="23">
      <Unit0>
        <Filename Value="bellkbil.lpr"/>
        <IsPartOfProject Value="True"/>
        <UsageCount Value="22"/>
        <Loaded Value="True"/>
      </Unit0>
      <Unit1>
        <Filename Value="../rtl/linux/canvas.pp"/>
        <UsageCount Value="10"/>
      </Unit1>
      <Unit2>
        <Filename Value="../rtl/linux/inc/writeh.inc"/>
        <CursorPos X="82" Y="8"/>
        <UsageCount Value="10"/>
      </Unit2>
      <Unit3>
        <Filename Value="../rtl/linux/inc/write.inc"/>
        <UsageCount Value="10"/>
      </Unit3>
      <Unit4>
        <Filename Value="../rtl/linux/inc/consts.inc"/>
        <UsageCount Value="10"/>
      </Unit4>
      <Unit5>
        <Filename Value="../../../rtl_prog/linux/inc/memory.inc"/>
        <EditorIndex Value="-1"/>
        <UsageCount Value="10"/>
      </Unit5>
      <Unit6>
        <Filename Value="../../../rtl_prog/linux/system.pp"/>
        <EditorIndex Value="-1"/>
        <TopLine Value="19"/>
        <CursorPos X="5" Y="33"/>
        <UsageCount Value="11"/>
      </Unit6>
      <Unit7>
        <Filename Value="../../../rtl_prog/linux/gn_islemgostergesi.pas"/>
        <EditorIndex Value="-1"/>
        <UsageCount Value="11"/>
      </Unit7>
      <Unit8>
        <Filename Value="../../../rtl_prog/linux/inc/islemgostergesi.inc"/>
        <EditorIndex Value="-1"/>
        <CursorPos X="43" Y="14"/>
        <UsageCount Value="11"/>
      </Unit8>
      <Unit9>
        <Filename Value="../../../rtl_prog/linux/inc/islemgostergesib.inc"/>
        <EditorIndex Value="-1"/>
        <CursorPos X="33" Y="4"/>
        <UsageCount Value="11"/>
      </Unit9>
      <Unit10>
        <Filename Value="../../../rtl_prog/linux/gn_dugme.pas"/>
        <EditorIndex Value="-1"/>
        <UsageCount Value="10"/>
      </Unit10>
      <Unit11>
        <Filename Value="../../../rtl_prog/linux/inc/consts.inc"/>
        <EditorIndex Value="-1"/>
        <TopLine Value="175"/>
        <CursorPos X="19" Y="194"/>
        <UsageCount Value="11"/>
      </Unit11>
      <Unit12>
        <Filename Value="../../../rtl_prog/linux/elerah.inc"/>
        <EditorIndex Value="-1"/>
        <UsageCount Value="11"/>
      </Unit12>
      <Unit13>
        <Filename Value="../../../rtl_prog/linux/linux.pp"/>
        <UnitName Value="Linux"/>
        <EditorIndex Value="-1"/>
        <TopLine Value="13"/>
        <CursorPos X="68" Y="31"/>
        <UsageCount Value="11"/>
      </Unit13>
      <Unit14>
        <Filename Value="../../../rtl_prog/linux/elera.pas"/>
        <EditorIndex Value="-1"/>
        <CursorPos X="11" Y="11"/>
        <UsageCount Value="10"/>
      </Unit14>
      <Unit15>
        <Filename Value="../../../rtl_prog/linux/inc/bellek.inc"/>
        <EditorIndex Value="-1"/>
        <CursorPos X="35" Y="16"/>
        <UsageCount Value="10"/>
      </Unit15>
      <Unit16>
        <Filename Value="../../../rtl_prog/linux/inc/bellekb.inc"/>
        <EditorIndex Value="-1"/>
        <CursorPos X="45" Y="5"/>
        <UsageCount Value="10"/>
      </Unit16>
      <Unit17>
        <Filename Value="../../../rtl_prog/linux/bellek.inc"/>
        <EditorIndex Value="-1"/>
        <CursorPos X="81" Y="10"/>
        <UsageCount Value="10"/>
      </Unit17>
      <Unit18>
        <Filename Value="../../../rtl_prog/linux/bellekb.inc"/>
        <EditorIndex Value="-1"/>
        <CursorPos X="26" Y="5"/>
        <UsageCount Value="10"/>
      </Unit18>
      <Unit19>
        <Filename Value="temizle.bat"/>
        <EditorIndex Value="-1"/>
        <WindowIndex Value="-1"/>
        <TopLine Value="-1"/>
        <CursorPos X="-1" Y="-1"/>
        <UsageCount Value="20"/>
        <DefaultSyntaxHighlighter Value="Bat"/>
      </Unit19>
      <Unit20>
        <Filename Value="derle.bat"/>
        <IsPartOfProject Value="True"/>
        <EditorIndex Value="-1"/>
        <UsageCount Value="20"/>
        <DefaultSyntaxHighlighter Value="Bat"/>
      </Unit20>
      <Unit21>
        <Filename Value="bellkbil.ld"/>
        <IsPartOfProject Value="True"/>
        <EditorIndex Value="-1"/>
        <UsageCount Value="20"/>
        <DefaultSyntaxHighlighter Value="None"/>
      </Unit21>
      <Unit22>
        <Filename Value="anasayfafrm.pas"/>
        <IsPartOfProject Value="True"/>
        <IsVisibleTab Value="True"/>
        <EditorIndex Value="1"/>
        <TopLine Value="12"/>
        <CursorPos X="20" Y="12"/>
        <UsageCount Value="20"/>
        <Loaded Value="True"/>
      </Unit22>
    </Units>
    <JumpHistory Count="30" HistoryIndex="29">
      <Position1>
        <Filename Value="bellkbil.lpr"/>
        <Caret Line="87" Column="42" TopLine="59"/>
      </Position1>
      <Position2>
        <Filename Value="bellkbil.lpr"/>
        <Caret Line="36" Column="17" TopLine="19"/>
      </Position2>
      <Position3>
        <Filename Value="bellkbil.lpr"/>
        <Caret Line="89" Column="13" TopLine="59"/>
      </Position3>
      <Position4>
        <Filename Value="bellkbil.lpr"/>
        <Caret Line="41" Column="7" TopLine="23"/>
      </Position4>
      <Position5>
        <Filename Value="bellkbil.lpr"/>
        <Caret Line="46" Column="27" TopLine="35"/>
      </Position5>
      <Position6>
        <Filename Value="bellkbil.lpr"/>
        <Caret Line="10" Column="33"/>
      </Position6>
      <Position7>
        <Filename Value="anasayfafrm.pas"/>
        <Caret Line="13" Column="31"/>
      </Position7>
      <Position8>
        <Filename Value="anasayfafrm.pas"/>
        <Caret Line="59" Column="33" TopLine="35"/>
      </Position8>
      <Position9>
        <Filename Value="anasayfafrm.pas"/>
        <Caret Line="85" Column="13" TopLine="31"/>
      </Position9>
      <Position10>
        <Filename Value="bellkbil.lpr"/>
        <Caret Line="27" Column="44"/>
      </Position10>
      <Position11>
        <Filename Value="bellkbil.lpr"/>
        <Caret Line="14" Column="8"/>
      </Position11>
      <Position12>
        <Filename Value="bellkbil.lpr"/>
        <Caret Line="18" Column="30"/>
      </Position12>
      <Position13>
        <Filename Value="anasayfafrm.pas"/>
        <Caret Line="6" Column="77"/>
      </Position13>
      <Position14>
        <Filename Value="anasayfafrm.pas"/>
        <Caret Line="72" Column="13" TopLine="54"/>
      </Position14>
      <Position15>
        <Filename Value="anasayfafrm.pas"/>
        <Caret Line="15" Column="6"/>
      </Position15>
      <Position16>
        <Filename Value="anasayfafrm.pas"/>
        <Caret Line="52" Column="55" TopLine="35"/>
      </Position16>
      <Position17>
        <Filename Value="anasayfafrm.pas"/>
        <Caret Line="28" Column="51" TopLine="22"/>
      </Position17>
      <Position18>
        <Filename Value="anasayfafrm.pas"/>
        <Caret Line="49" Column="64" TopLine="23"/>
      </Position18>
      <Position19>
        <Filename Value="anasayfafrm.pas"/>
        <Caret Line="54" Column="4" TopLine="34"/>
      </Position19>
      <Position20>
        <Filename Value="anasayfafrm.pas"/>
        <Caret Line="52" Column="29" TopLine="34"/>
      </Position20>
      <Position21>
        <Filename Value="anasayfafrm.pas"/>
        <Caret Line="63" Column="4" TopLine="42"/>
      </Position21>
      <Position22>
        <Filename Value="anasayfafrm.pas"/>
        <Caret Line="72" Column="6" TopLine="51"/>
      </Position22>
      <Position23>
        <Filename Value="anasayfafrm.pas"/>
        <Caret Line="77" Column="6" TopLine="55"/>
      </Position23>
      <Position24>
        <Filename Value="anasayfafrm.pas"/>
        <Caret Line="84" Column="6" TopLine="61"/>
      </Position24>
      <Position25>
        <Filename Value="anasayfafrm.pas"/>
        <Caret Line="91" Column="6" TopLine="69"/>
      </Position25>
      <Position26>
        <Filename Value="anasayfafrm.pas"/>
        <Caret Line="93" Column="12" TopLine="73"/>
      </Position26>
      <Position27>
        <Filename Value="anasayfafrm.pas"/>
        <Caret Line="96" Column="6" TopLine="73"/>
      </Position27>
      <Position28>
        <Filename Value="anasayfafrm.pas"/>
        <Caret Line="98" Column="6" TopLine="73"/>
      </Position28>
      <Position29>
        <Filename Value="bellkbil.lpr"/>
        <Caret Line="26" Column="53"/>
      </Position29>
      <Position30>
        <Filename Value="anasayfafrm.pas"/>
        <Caret Line="12"/>
      </Position30>
    </JumpHistory>
  </ProjectOptions>
  <CompilerOptions>
    <Version Value="11"/>
    <Target>
      <Filename Value="../_/bellkbil.c"/>
    </Target>
    <SearchPaths>
      <IncludeFiles Value="$(ProjOutDir)"/>
      <OtherUnitFiles Value="../../rtl_uygulama/linux/units/i386-linux"/>
      <UnitOutputDirectory Value="../_/_"/>
      <SrcPath Value="../../rtl_uygulama/linux"/>
    </SearchPaths>
    <CodeGeneration>
      <SmartLinkUnit Value="True"/>
      <TargetCPU Value="i386"/>
      <TargetOS Value="linux"/>
      <Optimizations>
        <OptimizationLevel Value="0"/>
      </Optimizations>
      <SmallerCode Value="True"/>
    </CodeGeneration>
    <Linking>
      <Debugging>
        <GenerateDebugInfo Value="False"/>
        <UseLineInfoUnit Value="False"/>
        <StripSymbols Value="True"/>
      </Debugging>
      <LinkSmart Value="True"/>
      <Options>
        <PassLinkerOptions Value="True"/>
        <LinkerOptions Value="-Tbellkbil.ld"/>
      </Options>
    </Linking>
  </CompilerOptions>
  <Debugging>
    <Exceptions Count="3">
      <Item1>
        <Name Value="EAbort"/>
      </Item1>
      <Item2>
        <Name Value="ECodetoolError"/>
      </Item2>
      <Item3>
        <Name Value="EFOpenError"/>
      </Item3>
    </Exceptions>
  </Debugging>
</CONFIG>
