<?xml version="1.0" encoding="UTF-8"?>
<CONFIG>
  <ProjectOptions>
    <Version Value="11"/>
    <General>
      <Flags>
        <MainUnitIsPascalSource Value="False"/>
        <MainUnitHasUsesSectionForAllUnits Value="False"/>
        <MainUnitHasCreateFormStatements Value="False"/>
        <MainUnitHasTitleStatement Value="False"/>
        <Runnable Value="False"/>
      </Flags>
      <MainUnit Value="0"/>
      <Title Value="sisbilgi"/>
      <UseAppBundle Value="False"/>
      <ResourceType Value="res"/>
    </General>
    <i18n>
      <EnableI18N LFM="False"/>
    </i18n>
    <BuildModes Count="1" Active="Default">
      <Item1 Name="Default" Default="True"/>
    </BuildModes>
    <PublishOptions>
      <Version Value="2"/>
    </PublishOptions>
    <RunParams>
      <FormatVersion Value="2"/>
      <Modes Count="1">
        <Mode0 Name="default">
          <local>
            <LaunchingApplication PathPlusParams="/usr/bin/xterm -T 'Lazarus Run Output' -e $(LazarusDir)/tools/runwait.sh $(TargetCmdLine)"/>
          </local>
        </Mode0>
      </Modes>
    </RunParams>
    <Units Count="51">
      <Unit0>
        <Filename Value="sisbilgi.lpr"/>
        <IsPartOfProject Value="True"/>
        <IsVisibleTab Value="True"/>
        <CursorPos X="6" Y="15"/>
        <UsageCount Value="79"/>
        <Loaded Value="True"/>
      </Unit0>
      <Unit1>
        <Filename Value="../rtl/linux/system.pp"/>
        <UnitName Value="System"/>
        <CursorPos Y="48"/>
        <UsageCount Value="10"/>
      </Unit1>
      <Unit2>
        <Filename Value="../rtl/unix/sysunixh.inc"/>
        <UsageCount Value="10"/>
      </Unit2>
      <Unit3>
        <Filename Value="../rtl/inc/systemh.inc"/>
        <UsageCount Value="10"/>
      </Unit3>
      <Unit4>
        <Filename Value="../rtl/objpas/objpas.pp"/>
        <UsageCount Value="10"/>
      </Unit4>
      <Unit5>
        <Filename Value="../rtl/inc/getopts.pp"/>
        <UsageCount Value="10"/>
      </Unit5>
      <Unit6>
        <Filename Value="../../lazarus/fpc/2.6.0/source/rtl/objpas/objpas.pp"/>
        <TopLine Value="73"/>
        <CursorPos X="15" Y="91"/>
        <UsageCount Value="10"/>
      </Unit6>
      <Unit7>
        <Filename Value="../rtl/linux/elerah.inc"/>
        <EditorIndex Value="-1"/>
        <UsageCount Value="11"/>
      </Unit7>
      <Unit8>
        <Filename Value="../rtl/linux/inc/process.inc"/>
        <UsageCount Value="10"/>
      </Unit8>
      <Unit9>
        <Filename Value="../rtl/linux/inc/consts.inc"/>
        <EditorIndex Value="-1"/>
        <UsageCount Value="10"/>
      </Unit9>
      <Unit10>
        <Filename Value="../rtl/linux/inc/processh.inc"/>
        <CursorPos X="11" Y="2"/>
        <UsageCount Value="10"/>
      </Unit10>
      <Unit11>
        <Filename Value="../rtl/linux/process.pp"/>
        <UsageCount Value="11"/>
      </Unit11>
      <Unit12>
        <Filename Value="../rtl/linux/inc/sysh.inc"/>
        <CursorPos X="11" Y="2"/>
        <UsageCount Value="10"/>
      </Unit12>
      <Unit13>
        <Filename Value="../rtl/linux/linux.pp"/>
        <UnitName Value="Linux"/>
        <UsageCount Value="10"/>
      </Unit13>
      <Unit14>
        <Filename Value="../rtl/linux/elera.inc"/>
        <UsageCount Value="10"/>
      </Unit14>
      <Unit15>
        <Filename Value="../rtl/linux/inc/converth.inc"/>
        <CursorPos X="20" Y="2"/>
        <UsageCount Value="10"/>
      </Unit15>
      <Unit16>
        <Filename Value="../rtl/linux/inc/convert.inc"/>
        <CursorPos X="43" Y="2"/>
        <UsageCount Value="10"/>
      </Unit16>
      <Unit17>
        <Filename Value="../../../../../lazarus/fpc/2.6.0/source/rtl/inc/fpintres.pp"/>
        <CursorPos X="5" Y="14"/>
        <UsageCount Value="10"/>
      </Unit17>
      <Unit18>
        <Filename Value="../rtl/linux/inc/sys.inc"/>
        <CursorPos X="28" Y="7"/>
        <UsageCount Value="10"/>
      </Unit18>
      <Unit19>
        <Filename Value="../../widget/menuelera.pas"/>
        <TopLine Value="13"/>
        <CursorPos X="24" Y="24"/>
        <UsageCount Value="10"/>
      </Unit19>
      <Unit20>
        <Filename Value="../../../../../lazarus/packager/registration/fcllaz.pas"/>
        <UsageCount Value="10"/>
      </Unit20>
      <Unit21>
        <Filename Value="../../widgets/eleram.pas"/>
        <UsageCount Value="11"/>
      </Unit21>
      <Unit22>
        <Filename Value="../../widgets/object/process.pp"/>
        <UsageCount Value="10"/>
      </Unit22>
      <Unit23>
        <Filename Value="../../widgets/object/_process.pp"/>
        <CursorPos X="15" Y="27"/>
        <UsageCount Value="11"/>
      </Unit23>
      <Unit24>
        <Filename Value="../../widgets/object/_forms.pp"/>
        <TopLine Value="5"/>
        <CursorPos X="3" Y="21"/>
        <UsageCount Value="10"/>
      </Unit24>
      <Unit25>
        <Filename Value="../../widgets/object/_buttons.pp"/>
        <TopLine Value="5"/>
        <CursorPos X="3" Y="21"/>
        <UsageCount Value="10"/>
      </Unit25>
      <Unit26>
        <Filename Value="../../widgets/object/_system.pp"/>
        <TopLine Value="361"/>
        <CursorPos X="3" Y="377"/>
        <UsageCount Value="10"/>
      </Unit26>
      <Unit27>
        <Filename Value="../../../rtl_prog/linux/process.pp"/>
        <EditorIndex Value="-1"/>
        <TopLine Value="58"/>
        <CursorPos X="3" Y="60"/>
        <UsageCount Value="10"/>
      </Unit27>
      <Unit28>
        <Filename Value="../../../rtl_prog/linux/system.pp"/>
        <EditorIndex Value="-1"/>
        <TopLine Value="19"/>
        <CursorPos X="5" Y="33"/>
        <UsageCount Value="10"/>
      </Unit28>
      <Unit29>
        <Filename Value="../../../rtl_prog/linux/inc/consts.inc"/>
        <EditorIndex Value="-1"/>
        <TopLine Value="155"/>
        <CursorPos X="20" Y="176"/>
        <UsageCount Value="10"/>
      </Unit29>
      <Unit30>
        <Filename Value="../../../rtl_prog/linux/inc/sys.inc"/>
        <EditorIndex Value="-1"/>
        <CursorPos X="28" Y="18"/>
        <UsageCount Value="10"/>
      </Unit30>
      <Unit31>
        <Filename Value="../../../rtl_prog/linux/inc/sysh.inc"/>
        <EditorIndex Value="-1"/>
        <CursorPos X="28" Y="2"/>
        <UsageCount Value="10"/>
      </Unit31>
      <Unit32>
        <Filename Value="../../../rtl_prog/linux/elerah.inc"/>
        <EditorIndex Value="-1"/>
        <TopLine Value="210"/>
        <CursorPos Y="220"/>
        <UsageCount Value="10"/>
      </Unit32>
      <Unit33>
        <Filename Value="temizle.bat"/>
        <EditorIndex Value="-1"/>
        <WindowIndex Value="-1"/>
        <TopLine Value="-1"/>
        <CursorPos X="-1" Y="-1"/>
        <UsageCount Value="21"/>
        <DefaultSyntaxHighlighter Value="Bat"/>
      </Unit33>
      <Unit34>
        <Filename Value="derle.bat"/>
        <IsPartOfProject Value="True"/>
        <EditorIndex Value="-1"/>
        <UsageCount Value="21"/>
        <DefaultSyntaxHighlighter Value="Bat"/>
      </Unit34>
      <Unit35>
        <Filename Value="sisbilgi.ld"/>
        <IsPartOfProject Value="True"/>
        <EditorIndex Value="-1"/>
        <WindowIndex Value="-1"/>
        <TopLine Value="-1"/>
        <CursorPos X="-1" Y="-1"/>
        <UsageCount Value="21"/>
        <DefaultSyntaxHighlighter Value="None"/>
      </Unit35>
      <Unit36>
        <Filename Value="../../../rtl_uygulama/linux/gorev.pas"/>
        <EditorIndex Value="-1"/>
        <TopLine Value="87"/>
        <CursorPos X="19" Y="83"/>
        <UsageCount Value="10"/>
      </Unit36>
      <Unit37>
        <Filename Value="../../../rtl_uygulama/linux/inc/gorev.inc"/>
        <EditorIndex Value="-1"/>
        <UsageCount Value="10"/>
      </Unit37>
      <Unit38>
        <Filename Value="../../../rtl_uygulama/linux/inc/gorevb.inc"/>
        <EditorIndex Value="-1"/>
        <UsageCount Value="10"/>
      </Unit38>
      <Unit39>
        <Filename Value="../../../rtl_uygulama/linux/inc/sistem.inc"/>
        <EditorIndex Value="-1"/>
        <UsageCount Value="10"/>
      </Unit39>
      <Unit40>
        <Filename Value="../../../rtl_uygulama/linux/inc/sistemb.inc"/>
        <EditorIndex Value="-1"/>
        <UsageCount Value="10"/>
      </Unit40>
      <Unit41>
        <Filename Value="../../../rtl_uygulama/linux/linux.pp"/>
        <UnitName Value="Linux"/>
        <EditorIndex Value="-1"/>
        <UsageCount Value="10"/>
      </Unit41>
      <Unit42>
        <Filename Value="../../../rtl_uygulama/linux/sistemmesaj.pas"/>
        <EditorIndex Value="-1"/>
        <UsageCount Value="10"/>
      </Unit42>
      <Unit43>
        <Filename Value="../../../rtl_uygulama/linux/system.pp"/>
        <EditorIndex Value="-1"/>
        <UsageCount Value="10"/>
      </Unit43>
      <Unit44>
        <Filename Value="../../../rtl_uygulama/linux/sysos.inc"/>
        <EditorIndex Value="-1"/>
        <UsageCount Value="10"/>
      </Unit44>
      <Unit45>
        <Filename Value="../../../rtl_uygulama/linux/elerah.inc"/>
        <EditorIndex Value="-1"/>
        <UsageCount Value="10"/>
      </Unit45>
      <Unit46>
        <Filename Value="../../rtl_uygulama/linux/paylasim.inc"/>
        <EditorIndex Value="-1"/>
        <TopLine Value="215"/>
        <CursorPos X="45" Y="236"/>
        <UsageCount Value="11"/>
      </Unit46>
      <Unit47>
        <Filename Value="../../rtl_uygulama/linux/gn_sayfakontrol.pas"/>
        <EditorIndex Value="-1"/>
        <TopLine Value="52"/>
        <CursorPos X="22" Y="62"/>
        <UsageCount Value="11"/>
      </Unit47>
      <Unit48>
        <Filename Value="../../rtl_uygulama/linux/linux.pp"/>
        <UnitName Value="Linux"/>
        <EditorIndex Value="-1"/>
        <TopLine Value="22"/>
        <UsageCount Value="10"/>
      </Unit48>
      <Unit49>
        <Filename Value="../../rtl_uygulama/linux/system.pp"/>
        <EditorIndex Value="-1"/>
        <TopLine Value="15"/>
        <CursorPos X="5" Y="33"/>
        <UsageCount Value="10"/>
      </Unit49>
      <Unit50>
        <Filename Value="anasayfafrm.pas"/>
        <IsPartOfProject Value="True"/>
        <EditorIndex Value="1"/>
        <UsageCount Value="20"/>
        <Loaded Value="True"/>
      </Unit50>
    </Units>
    <JumpHistory Count="30" HistoryIndex="29">
      <Position1>
        <Filename Value="sisbilgi.lpr"/>
        <Caret Line="76" Column="16" TopLine="55"/>
      </Position1>
      <Position2>
        <Filename Value="sisbilgi.lpr"/>
        <Caret Line="90" Column="16" TopLine="66"/>
      </Position2>
      <Position3>
        <Filename Value="sisbilgi.lpr"/>
        <Caret Line="27" TopLine="9"/>
      </Position3>
      <Position4>
        <Filename Value="sisbilgi.lpr"/>
        <Caret Line="47" Column="49" TopLine="28"/>
      </Position4>
      <Position5>
        <Filename Value="sisbilgi.lpr"/>
        <Caret Line="52" Column="80" TopLine="34"/>
      </Position5>
      <Position6>
        <Filename Value="sisbilgi.lpr"/>
        <Caret Line="53" Column="106" TopLine="43"/>
      </Position6>
      <Position7>
        <Filename Value="sisbilgi.lpr"/>
        <Caret Line="58" Column="106" TopLine="38"/>
      </Position7>
      <Position8>
        <Filename Value="sisbilgi.lpr"/>
        <Caret Line="59" TopLine="38"/>
      </Position8>
      <Position9>
        <Filename Value="sisbilgi.lpr"/>
        <Caret Line="45" Column="26" TopLine="25"/>
      </Position9>
      <Position10>
        <Filename Value="sisbilgi.lpr"/>
        <Caret Line="10" Column="24"/>
      </Position10>
      <Position11>
        <Filename Value="sisbilgi.lpr"/>
        <Caret Line="58" Column="38" TopLine="34"/>
      </Position11>
      <Position12>
        <Filename Value="sisbilgi.lpr"/>
        <Caret Line="32" Column="3" TopLine="13"/>
      </Position12>
      <Position13>
        <Filename Value="sisbilgi.lpr"/>
        <Caret Line="9" Column="50"/>
      </Position13>
      <Position14>
        <Filename Value="sisbilgi.lpr"/>
        <Caret Line="46" Column="27" TopLine="28"/>
      </Position14>
      <Position15>
        <Filename Value="sisbilgi.lpr"/>
        <Caret Line="27" Column="5"/>
      </Position15>
      <Position16>
        <Filename Value="sisbilgi.lpr"/>
        <Caret Line="19" Column="39"/>
      </Position16>
      <Position17>
        <Filename Value="sisbilgi.lpr"/>
        <Caret Line="15" Column="6"/>
      </Position17>
      <Position18>
        <Filename Value="anasayfafrm.pas"/>
      </Position18>
      <Position19>
        <Filename Value="anasayfafrm.pas"/>
        <Caret Line="13" Column="20"/>
      </Position19>
      <Position20>
        <Filename Value="anasayfafrm.pas"/>
        <Caret Line="18" Column="21"/>
      </Position20>
      <Position21>
        <Filename Value="anasayfafrm.pas"/>
        <Caret Line="6" Column="84"/>
      </Position21>
      <Position22>
        <Filename Value="anasayfafrm.pas"/>
        <Caret Line="7" Column="3"/>
      </Position22>
      <Position23>
        <Filename Value="anasayfafrm.pas"/>
        <Caret Line="37" Column="66" TopLine="19"/>
      </Position23>
      <Position24>
        <Filename Value="anasayfafrm.pas"/>
        <Caret Line="48" Column="4" TopLine="22"/>
      </Position24>
      <Position25>
        <Filename Value="anasayfafrm.pas"/>
        <Caret Line="40" Column="26" TopLine="22"/>
      </Position25>
      <Position26>
        <Filename Value="anasayfafrm.pas"/>
        <Caret Line="47" Column="22" TopLine="29"/>
      </Position26>
      <Position27>
        <Filename Value="anasayfafrm.pas"/>
        <Caret Line="58" Column="4" TopLine="36"/>
      </Position27>
      <Position28>
        <Filename Value="anasayfafrm.pas"/>
        <Caret Line="74" Column="4" TopLine="43"/>
      </Position28>
      <Position29>
        <Filename Value="anasayfafrm.pas"/>
        <Caret Line="80" Column="52" TopLine="51"/>
      </Position29>
      <Position30>
        <Filename Value="anasayfafrm.pas"/>
        <Caret Line="6" Column="52"/>
      </Position30>
    </JumpHistory>
  </ProjectOptions>
  <CompilerOptions>
    <Version Value="11"/>
    <Target>
      <Filename Value="../_/sisbilgi.c"/>
    </Target>
    <SearchPaths>
      <IncludeFiles Value="$(ProjOutDir)"/>
      <OtherUnitFiles Value="../../rtl_uygulama/linux/units/i386-linux"/>
      <UnitOutputDirectory Value="../_/_"/>
      <SrcPath Value="../../rtl_uygulama/linux"/>
    </SearchPaths>
    <CodeGeneration>
      <SmartLinkUnit Value="True"/>
      <TargetCPU Value="i386"/>
      <TargetOS Value="linux"/>
      <Optimizations>
        <OptimizationLevel Value="0"/>
      </Optimizations>
      <SmallerCode Value="True"/>
    </CodeGeneration>
    <Linking>
      <Debugging>
        <GenerateDebugInfo Value="False"/>
        <UseLineInfoUnit Value="False"/>
        <StripSymbols Value="True"/>
      </Debugging>
      <LinkSmart Value="True"/>
      <Options>
        <PassLinkerOptions Value="True"/>
        <LinkerOptions Value="-Tsisbilgi.ld"/>
      </Options>
    </Linking>
  </CompilerOptions>
  <Debugging>
    <Exceptions Count="3">
      <Item1>
        <Name Value="EAbort"/>
      </Item1>
      <Item2>
        <Name Value="ECodetoolError"/>
      </Item2>
      <Item3>
        <Name Value="EFOpenError"/>
      </Item3>
    </Exceptions>
  </Debugging>
</CONFIG>
